
Microsoft Visual Studio Solution File, Format Version 12.00
# Visual Studio Version 17
VisualStudioVersion = 17.5.002.0
MinimumVisualStudioVersion = 10.0.40219.1
Project("{9A19103F-16F7-4668-BE54-9A1E7A4F7556}") = "Reverse Linked List", "Reverse Linked List.csproj", "{87574648-A4A8-4F81-906D-EC6F06183C6A}"
EndProject
Global
	GlobalSection(SolutionConfigurationPlatforms) = preSolution
		Debug|Any CPU = Debug|Any CPU
		Release|Any CPU = Release|Any CPU
	EndGlobalSection
	GlobalSection(ProjectConfigurationPlatforms) = postSolution
		{87574648-A4A8-4F81-906D-EC6F06183C6A}.Debug|Any CPU.ActiveCfg = Debug|Any CPU
		{87574648-A4A8-4F81-906D-EC6F06183C6A}.Debug|Any CPU.Build.0 = Debug|Any CPU
		{87574648-A4A8-4F81-906D-EC6F06183C6A}.Release|Any CPU.ActiveCfg = Release|Any CPU
		{87574648-A4A8-4F81-906D-EC6F06183C6A}.Release|Any CPU.Build.0 = Release|Any CPU
	EndGlobalSection
	GlobalSection(SolutionProperties) = preSolution
		HideSolutionNode = FALSE
	EndGlobalSection
	GlobalSection(ExtensibilityGlobals) = postSolution
		SolutionGuid = {5F34D994-B0DC-413E-AA3E-B65C59B82DBA}
	EndGlobalSection
EndGlobal
