
Microsoft Visual Studio Solution File, Format Version 12.00
# Visual Studio Version 17
VisualStudioVersion = 17.0.31903.59
MinimumVisualStudioVersion = 10.0.40219.1
Project("{FAE04EC0-301F-11D3-BF4B-00C04F79EFBC}") = "Shortest Path in Binary Matrix", "Shortest Path in Binary Matrix\Shortest Path in Binary Matrix.csproj", "{4ABF71AE-01A9-45EE-96C2-38A3F6E4920A}"
EndProject
Global
	GlobalSection(SolutionConfigurationPlatforms) = preSolution
		Debug|Any CPU = Debug|Any CPU
		Release|Any CPU = Release|Any CPU
	EndGlobalSection
	GlobalSection(SolutionProperties) = preSolution
		HideSolutionNode = FALSE
	EndGlobalSection
	GlobalSection(ProjectConfigurationPlatforms) = postSolution
		{4ABF71AE-01A9-45EE-96C2-38A3F6E4920A}.Debug|Any CPU.ActiveCfg = Debug|Any CPU
		{4ABF71AE-01A9-45EE-96C2-38A3F6E4920A}.Debug|Any CPU.Build.0 = Debug|Any CPU
		{4ABF71AE-01A9-45EE-96C2-38A3F6E4920A}.Release|Any CPU.ActiveCfg = Release|Any CPU
		{4ABF71AE-01A9-45EE-96C2-38A3F6E4920A}.Release|Any CPU.Build.0 = Release|Any CPU
	EndGlobalSection
EndGlobal
